
Microsoft Visual Studio Solution File, Format Version 12.00
# Visual Studio Version 16
VisualStudioVersion = 16.0.28922.388
MinimumVisualStudioVersion = 10.0.40219.1
Project("{FAE04EC0-301F-11D3-BF4B-00C04F79EFBC}") = "pr129-2016-Slavko-Lukic-pz2", "pr129-2016-Slavko-Lukic-pz2\pr129-2016-Slavko-Lukic-pz2.csproj", "{0BC0CA0A-59B9-4901-80C3-98C74A094628}"
EndProject
Global
	GlobalSection(SolutionConfigurationPlatforms) = preSolution
		Debug|Any CPU = Debug|Any CPU
		Release|Any CPU = Release|Any CPU
	EndGlobalSection
	GlobalSection(ProjectConfigurationPlatforms) = postSolution
		{0BC0CA0A-59B9-4901-80C3-98C74A094628}.Debug|Any CPU.ActiveCfg = Debug|Any CPU
		{0BC0CA0A-59B9-4901-80C3-98C74A094628}.Debug|Any CPU.Build.0 = Debug|Any CPU
		{0BC0CA0A-59B9-4901-80C3-98C74A094628}.Release|Any CPU.ActiveCfg = Release|Any CPU
		{0BC0CA0A-59B9-4901-80C3-98C74A094628}.Release|Any CPU.Build.0 = Release|Any CPU
	EndGlobalSection
	GlobalSection(SolutionProperties) = preSolution
		HideSolutionNode = FALSE
	EndGlobalSection
	GlobalSection(ExtensibilityGlobals) = postSolution
		SolutionGuid = {147E71E7-A60C-414E-ABB9-27D8640433BD}
	EndGlobalSection
EndGlobal
